// !$*UTF8*$!
{
	archiveVersion = 1;
	classes = {
	};
	objectVersion = 48;
	objects = {

/* Begin PBXBuildFile section */
		C454DDC01F9108E0008E4082 /* AppDelegate.swift in Sources */ = {isa = PBXBuildFile; fileRef = C454DDBF1F9108E0008E4082 /* AppDelegate.swift */; };
		C454DDC21F9108E0008E4082 /* Scene.sks in Resources */ = {isa = PBXBuildFile; fileRef = C454DDC11F9108E0008E4082 /* Scene.sks */; };
		C454DDC41F9108E0008E4082 /* Scene.swift in Sources */ = {isa = PBXBuildFile; fileRef = C454DDC31F9108E0008E4082 /* Scene.swift */; };
		C454DDC61F9108E0008E4082 /* ViewController.swift in Sources */ = {isa = PBXBuildFile; fileRef = C454DDC51F9108E0008E4082 /* ViewController.swift */; };
		C454DDC91F9108E0008E4082 /* Main.storyboard in Resources */ = {isa = PBXBuildFile; fileRef = C454DDC71F9108E0008E4082 /* Main.storyboard */; };
		C454DDCB1F9108E0008E4082 /* Assets.xcassets in Resources */ = {isa = PBXBuildFile; fileRef = C454DDCA1F9108E0008E4082 /* Assets.xcassets */; };
		C454DDCE1F9108E0008E4082 /* LaunchScreen.storyboard in Resources */ = {isa = PBXBuildFile; fileRef = C454DDCC1F9108E0008E4082 /* LaunchScreen.storyboard */; };
/* End PBXBuildFile section */

/* Begin PBXFileReference section */
		C454DDBC1F9108E0008E4082 /* TargetShooter-iOS.app */ = {isa = PBXFileReference; explicitFileType = wrapper.application; includeInIndex = 0; path = "TargetShooter-iOS.app"; sourceTree = BUILT_PRODUCTS_DIR; };
		C454DDBF1F9108E0008E4082 /* AppDelegate.swift */ = {isa = PBXFileReference; lastKnownFileType = sourcecode.swift; path = AppDelegate.swift; sourceTree = "<group>"; };
		C454DDC11F9108E0008E4082 /* Scene.sks */ = {isa = PBXFileReference; lastKnownFileType = file.sks; path = Scene.sks; sourceTree = "<group>"; };
		C454DDC31F9108E0008E4082 /* Scene.swift */ = {isa = PBXFileReference; lastKnownFileType = sourcecode.swift; path = Scene.swift; sourceTree = "<group>"; };
		C454DDC51F9108E0008E4082 /* ViewController.swift */ = {isa = PBXFileReference; lastKnownFileType = sourcecode.swift; path = ViewController.swift; sourceTree = "<group>"; };
		C454DDC81F9108E0008E4082 /* Base */ = {isa = PBXFileReference; lastKnownFileType = file.storyboard; name = Base; path = Base.lproj/Main.storyboard; sourceTree = "<group>"; };
		C454DDCA1F9108E0008E4082 /* Assets.xcassets */ = {isa = PBXFileReference; lastKnownFileType = folder.assetcatalog; path = Assets.xcassets; sourceTree = "<group>"; };
		C454DDCD1F9108E0008E4082 /* Base */ = {isa = PBXFileReference; lastKnownFileType = file.storyboard; name = Base; path = Base.lproj/LaunchScreen.storyboard; sourceTree = "<group>"; };
		C454DDCF1F9108E0008E4082 /* Info.plist */ = {isa = PBXFileReference; lastKnownFileType = text.plist.xml; path = Info.plist; sourceTree = "<group>"; };
/* End PBXFileReference section */

/* Begin PBXFrameworksBuildPhase section */
		C454DDB91F9108E0008E4082 /* Frameworks */ = {
			isa = PBXFrameworksBuildPhase;
			buildActionMask = 2147483647;
			files = (
			);
			runOnlyForDeploymentPostprocessing = 0;
		};
/* End PBXFrameworksBuildPhase section */

/* Begin PBXGroup section */
		C454DDB31F9108E0008E4082 = {
			isa = PBXGroup;
			children = (
				C454DDBE1F9108E0008E4082 /* TargetShooter-iOS */,
				C454DDBD1F9108E0008E4082 /* Products */,
			);
			sourceTree = "<group>";
		};
		C454DDBD1F9108E0008E4082 /* Products */ = {
			isa = PBXGroup;
			children = (
				C454DDBC1F9108E0008E4082 /* TargetShooter-iOS.app */,
			);
			name = Products;
			sourceTree = "<group>";
		};
		C454DDBE1F9108E0008E4082 /* TargetShooter-iOS */ = {
			isa = PBXGroup;
			children = (
				C454DDBF1F9108E0008E4082 /* AppDelegate.swift */,
				C454DDC11F9108E0008E4082 /* Scene.sks */,
				C454DDC31F9108E0008E4082 /* Scene.swift */,
				C454DDC51F9108E0008E4082 /* ViewController.swift */,
				C454DDC71F9108E0008E4082 /* Main.storyboard */,
				C454DDCA1F9108E0008E4082 /* Assets.xcassets */,
				C454DDCC1F9108E0008E4082 /* LaunchScreen.storyboard */,
				C454DDCF1F9108E0008E4082 /* Info.plist */,
			);
			path = "TargetShooter-iOS";
			sourceTree = "<group>";
		};
/* End PBXGroup section */

/* Begin PBXNativeTarget section */
		C454DDBB1F9108E0008E4082 /* TargetShooter-iOS */ = {
			isa = PBXNativeTarget;
			buildConfigurationList = C454DDD21F9108E0008E4082 /* Build configuration list for PBXNativeTarget "TargetShooter-iOS" */;
			buildPhases = (
				C454DDB81F9108E0008E4082 /* Sources */,
				C454DDB91F9108E0008E4082 /* Frameworks */,
				C454DDBA1F9108E0008E4082 /* Resources */,
			);
			buildRules = (
			);
			dependencies = (
			);
			name = "TargetShooter-iOS";
			productName = "TargetShooter-iOS";
			productReference = C454DDBC1F9108E0008E4082 /* TargetShooter-iOS.app */;
			productType = "com.apple.product-type.application";
		};
/* End PBXNativeTarget section */

/* Begin PBXProject section */
		C454DDB41F9108E0008E4082 /* Project object */ = {
			isa = PBXProject;
			attributes = {
				LastSwiftUpdateCheck = 0900;
				LastUpgradeCheck = 0900;
				ORGANIZATIONNAME = "Michael Alexander";
				TargetAttributes = {
					C454DDBB1F9108E0008E4082 = {
						CreatedOnToolsVersion = 9.0;
						ProvisioningStyle = Automatic;
					};
				};
			};
			buildConfigurationList = C454DDB71F9108E0008E4082 /* Build configuration list for PBXProject "TargetShooter-iOS" */;
			compatibilityVersion = "Xcode 8.0";
			developmentRegion = en;
			hasScannedForEncodings = 0;
			knownRegions = (
				en,
				Base,
			);
			mainGroup = C454DDB31F9108E0008E4082;
			productRefGroup = C454DDBD1F9108E0008E4082 /* Products */;
			projectDirPath = "";
			projectRoot = "";
			targets = (
				C454DDBB1F9108E0008E4082 /* TargetShooter-iOS */,
			);
		};
/* End PBXProject section */

/* Begin PBXResourcesBuildPhase section */
		C454DDBA1F9108E0008E4082 /* Resources */ = {
			isa = PBXResourcesBuildPhase;
			buildActionMask = 2147483647;
			files = (
				C454DDC21F9108E0008E4082 /* Scene.sks in Resources */,
				C454DDCE1F9108E0008E4082 /* LaunchScreen.storyboard in Resources */,
				C454DDCB1F9108E0008E4082 /* Assets.xcassets in Resources */,
				C454DDC91F9108E0008E4082 /* Main.storyboard in Resources */,
			);
			runOnlyForDeploymentPostprocessing = 0;
		};
/* End PBXResourcesBuildPhase section */

/* Begin PBXSourcesBuildPhase section */
		C454DDB81F9108E0008E4082 /* Sources */ = {
			isa = PBXSourcesBuildPhase;
			buildActionMask = 2147483647;
			files = (
				C454DDC61F9108E0008E4082 /* ViewController.swift in Sources */,
				C454DDC41F9108E0008E4082 /* Scene.swift in Sources */,
				C454DDC01F9108E0008E4082 /* AppDelegate.swift in Sources */,
			);
			runOnlyForDeploymentPostprocessing = 0;
		};
/* End PBXSourcesBuildPhase section */

/* Begin PBXVariantGroup section */
		C454DDC71F9108E0008E4082 /* Main.storyboard */ = {
			isa = PBXVariantGroup;
			children = (
				C454DDC81F9108E0008E4082 /* Base */,
			);
			name = Main.storyboard;
			sourceTree = "<group>";
		};
		C454DDCC1F9108E0008E4082 /* LaunchScreen.storyboard */ = {
			isa = PBXVariantGroup;
			children = (
				C454DDCD1F9108E0008E4082 /* Base */,
			);
			name = LaunchScreen.storyboard;
			sourceTree = "<group>";
		};
/* End PBXVariantGroup section */

/* Begin XCBuildConfiguration section */
		C454DDD01F9108E0008E4082 /* Debug */ = {
			isa = XCBuildConfiguration;
			buildSettings = {
				ALWAYS_SEARCH_USER_PATHS = NO;
				CLANG_ANALYZER_NONNULL = YES;
				CLANG_ANALYZER_NUMBER_OBJECT_CONVERSION = YES_AGGRESSIVE;
				CLANG_CXX_LANGUAGE_STANDARD = "gnu++14";
				CLANG_CXX_LIBRARY = "libc++";
				CLANG_ENABLE_MODULES = YES;
				CLANG_ENABLE_OBJC_ARC = YES;
				CLANG_WARN_BLOCK_CAPTURE_AUTORELEASING = YES;
				CLANG_WARN_BOOL_CONVERSION = YES;
				CLANG_WARN_COMMA = YES;
				CLANG_WARN_CONSTANT_CONVERSION = YES;
				CLANG_WARN_DIRECT_OBJC_ISA_USAGE = YES_ERROR;
				CLANG_WARN_DOCUMENTATION_COMMENTS = YES;
				CLANG_WARN_EMPTY_BODY = YES;
				CLANG_WARN_ENUM_CONVERSION = YES;
				CLANG_WARN_INFINITE_RECURSION = YES;
				CLANG_WARN_INT_CONVERSION = YES;
				CLANG_WARN_NON_LITERAL_NULL_CONVERSION = YES;
				CLANG_WARN_OBJC_LITERAL_CONVERSION = YES;
				CLANG_WARN_OBJC_ROOT_CLASS = YES_ERROR;
				CLANG_WARN_RANGE_LOOP_ANALYSIS = YES;
				CLANG_WARN_STRICT_PROTOTYPES = YES;
				CLANG_WARN_SUSPICIOUS_MOVE = YES;
				CLANG_WARN_UNGUARDED_AVAILABILITY = YES_AGGRESSIVE;
				CLANG_WARN_UNREACHABLE_CODE = YES;
				CLANG_WARN__DUPLICATE_METHOD_MATCH = YES;
				CODE_SIGN_IDENTITY = "iPhone Developer";
				COPY_PHASE_STRIP = NO;
				DEBUG_INFORMATION_FORMAT = dwarf;
				ENABLE_STRICT_OBJC_MSGSEND = YES;
				ENABLE_TESTABILITY = YES;
				GCC_C_LANGUAGE_STANDARD = gnu11;
				GCC_DYNAMIC_NO_PIC = NO;
				GCC_NO_COMMON_BLOCKS = YES;
				GCC_OPTIMIZATION_LEVEL = 0;
				GCC_PREPROCESSOR_DEFINITIONS = (
					"DEBUG=1",
					"$(inherited)",
				);
				GCC_WARN_64_TO_32_BIT_CONVERSION = YES;
				GCC_WARN_ABOUT_RETURN_TYPE = YES_ERROR;
				GCC_WARN_UNDECLARED_SELECTOR = YES;
				GCC_WARN_UNINITIALIZED_AUTOS = YES_AGGRESSIVE;
				GCC_WARN_UNUSED_FUNCTION = YES;
				GCC_WARN_UNUSED_VARIABLE = YES;
				IPHONEOS_DEPLOYMENT_TARGET = 11.0;
				MTL_ENABLE_DEBUG_INFO = YES;
				ONLY_ACTIVE_ARCH = YES;
				SDKROOT = iphoneos;
				SWIFT_ACTIVE_COMPILATION_CONDITIONS = DEBUG;
				SWIFT_OPTIMIZATION_LEVEL = "-Onone";
			};
			name = Debug;
		};
		C454DDD11F9108E0008E4082 /* Release */ = {
			isa = XCBuildConfiguration;
			buildSettings = {
				ALWAYS_SEARCH_USER_PATHS = NO;
				CLANG_ANALYZER_NONNULL = YES;
				CLANG_ANALYZER_NUMBER_OBJECT_CONVERSION = YES_AGGRESSIVE;
				CLANG_CXX_LANGUAGE_STANDARD = "gnu++14";
				CLANG_CXX_LIBRARY = "libc++";
				CLANG_ENABLE_MODULES = YES;
				CLANG_ENABLE_OBJC_ARC = YES;
				CLANG_WARN_BLOCK_CAPTURE_AUTORELEASING = YES;
				CLANG_WARN_BOOL_CONVERSION = YES;
				CLANG_WARN_COMMA = YES;
				CLANG_WARN_CONSTANT_CONVERSION = YES;
				CLANG_WARN_DIRECT_OBJC_ISA_USAGE = YES_ERROR;
				CLANG_WARN_DOCUMENTATION_COMMENTS = YES;
				CLANG_WARN_EMPTY_BODY = YES;
				CLANG_WARN_ENUM_CONVERSION = YES;
				CLANG_WARN_INFINITE_RECURSION = YES;
				CLANG_WARN_INT_CONVERSION = YES;
				CLANG_WARN_NON_LITERAL_NULL_CONVERSION = YES;
				CLANG_WARN_OBJC_LITERAL_CONVERSION = YES;
				CLANG_WARN_OBJC_ROOT_CLASS = YES_ERROR;
				CLANG_WARN_RANGE_LOOP_ANALYSIS = YES;
				CLANG_WARN_STRICT_PROTOTYPES = YES;
				CLANG_WARN_SUSPICIOUS_MOVE = YES;
				CLANG_WARN_UNGUARDED_AVAILABILITY = YES_AGGRESSIVE;
				CLANG_WARN_UNREACHABLE_CODE = YES;
				CLANG_WARN__DUPLICATE_METHOD_MATCH = YES;
				CODE_SIGN_IDENTITY = "iPhone Developer";
				COPY_PHASE_STRIP = NO;
				DEBUG_INFORMATION_FORMAT = "dwarf-with-dsym";
				ENABLE_NS_ASSERTIONS = NO;
				ENABLE_STRICT_OBJC_MSGSEND = YES;
				GCC_C_LANGUAGE_STANDARD = gnu11;
				GCC_NO_COMMON_BLOCKS = YES;
				GCC_WARN_64_TO_32_BIT_CONVERSION = YES;
				GCC_WARN_ABOUT_RETURN_TYPE = YES_ERROR;
				GCC_WARN_UNDECLARED_SELECTOR = YES;
				GCC_WARN_UNINITIALIZED_AUTOS = YES_AGGRESSIVE;
				GCC_WARN_UNUSED_FUNCTION = YES;
				GCC_WARN_UNUSED_VARIABLE = YES;
				IPHONEOS_DEPLOYMENT_TARGET = 11.0;
				MTL_ENABLE_DEBUG_INFO = NO;
				SDKROOT = iphoneos;
				SWIFT_OPTIMIZATION_LEVEL = "-Owholemodule";
				VALIDATE_PRODUCT = YES;
			};
			name = Release;
		};
		C454DDD31F9108E0008E4082 /* Debug */ = {
			isa = XCBuildConfiguration;
			buildSettings = {
				ASSETCATALOG_COMPILER_APPICON_NAME = AppIcon;
				CODE_SIGN_STYLE = Automatic;
				DEVELOPMENT_TEAM = LAB4A2ATCG;
				INFOPLIST_FILE = "TargetShooter-iOS/Info.plist";
				LD_RUNPATH_SEARCH_PATHS = "$(inherited) @executable_path/Frameworks";
				PRODUCT_BUNDLE_IDENTIFIER = "michaelalexander.TargetShooter-iOS";
				PRODUCT_NAME = "$(TARGET_NAME)";
				SWIFT_VERSION = 4.0;
				TARGETED_DEVICE_FAMILY = "1,2";
			};
			name = Debug;
		};
		C454DDD41F9108E0008E4082 /* Release */ = {
			isa = XCBuildConfiguration;
			buildSettings = {
				ASSETCATALOG_COMPILER_APPICON_NAME = AppIcon;
				CODE_SIGN_STYLE = Automatic;
				DEVELOPMENT_TEAM = LAB4A2ATCG;
				INFOPLIST_FILE = "TargetShooter-iOS/Info.plist";
				LD_RUNPATH_SEARCH_PATHS = "$(inherited) @executable_path/Frameworks";
				PRODUCT_BUNDLE_IDENTIFIER = "michaelalexander.TargetShooter-iOS";
				PRODUCT_NAME = "$(TARGET_NAME)";
				SWIFT_VERSION = 4.0;
				TARGETED_DEVICE_FAMILY = "1,2";
			};
			name = Release;
		};
/* End XCBuildConfiguration section */

/* Begin XCConfigurationList section */
		C454DDB71F9108E0008E4082 /* Build configuration list for PBXProject "TargetShooter-iOS" */ = {
			isa = XCConfigurationList;
			buildConfigurations = (
				C454DDD01F9108E0008E4082 /* Debug */,
				C454DDD11F9108E0008E4082 /* Release */,
			);
			defaultConfigurationIsVisible = 0;
			defaultConfigurationName = Release;
		};
		C454DDD21F9108E0008E4082 /* Build configuration list for PBXNativeTarget "TargetShooter-iOS" */ = {
			isa = XCConfigurationList;
			buildConfigurations = (
				C454DDD31F9108E0008E4082 /* Debug */,
				C454DDD41F9108E0008E4082 /* Release */,
			);
			defaultConfigurationIsVisible = 0;
			defaultConfigurationName = Release;
		};
/* End XCConfigurationList section */
	};
	rootObject = C454DDB41F9108E0008E4082 /* Project object */;
}
